# This file was autogenerated by uv via the following command:
#    uv pip compile requirements.in --output-file uv.lock
coverage==7.15.4
    # via pytest-cov
iniconfig==2.3.0
    # via pytest
packaging==26.3
    # via pytest
pluggy==1.6.0
    # via
    #   pytest
    #   pytest-cov
pygame==2.6.1
    # via -r requirements.in
pygments==2.21.0
    # via pytest
pytest==9.1.1
    # via
    #   -r requirements.in
    #   pytest-cov
pytest-cov==7.1.0
    # via -r requirements.in
